// !$*UTF8*$!
{
	archiveVersion = 1;
	classes = {
	};
	objectVersion = 50;
	objects = {

/* Begin PBXBuildFile section */
		C3521FB723815A4900D2D0FE /* AppDelegate.swift in Sources */ = {isa = PBXBuildFile; fileRef = C3521FB623815A4900D2D0FE /* AppDelegate.swift */; };
		C3521FB923815A4900D2D0FE /* SceneDelegate.swift in Sources */ = {isa = PBXBuildFile; fileRef = C3521FB823815A4900D2D0FE /* SceneDelegate.swift */; };
		C3521FBB23815A4900D2D0FE /* ViewController.swift in Sources */ = {isa = PBXBuildFile; fileRef = C3521FBA23815A4900D2D0FE /* ViewController.swift */; };
		C3521FBE23815A4900D2D0FE /* Main.storyboard in Resources */ = {isa = PBXBuildFile; fileRef = C3521FBC23815A4900D2D0FE /* Main.storyboard */; };
		C3521FC123815A4900D2D0FE /* ARPictionary.xcdatamodeld in Sources */ = {isa = PBXBuildFile; fileRef = C3521FBF23815A4900D2D0FE /* ARPictionary.xcdatamodeld */; };
		C3521FC323815A4A00D2D0FE /* Assets.xcassets in Resources */ = {isa = PBXBuildFile; fileRef = C3521FC223815A4A00D2D0FE /* Assets.xcassets */; };
		C3521FC623815A4A00D2D0FE /* LaunchScreen.storyboard in Resources */ = {isa = PBXBuildFile; fileRef = C3521FC423815A4A00D2D0FE /* LaunchScreen.storyboard */; };
		C3521FCE23815A8600D2D0FE /* GameViewController.swift in Sources */ = {isa = PBXBuildFile; fileRef = C3521FCD23815A8600D2D0FE /* GameViewController.swift */; };
		C3521FD023816C5B00D2D0FE /* Extension.swift in Sources */ = {isa = PBXBuildFile; fileRef = C3521FCF23816C5B00D2D0FE /* Extension.swift */; };
		C3521FD22381A07C00D2D0FE /* Service.swift in Sources */ = {isa = PBXBuildFile; fileRef = C3521FD12381A07C00D2D0FE /* Service.swift */; };
/* End PBXBuildFile section */

/* Begin PBXFileReference section */
		C3521FB323815A4900D2D0FE /* ARPictionary.app */ = {isa = PBXFileReference; explicitFileType = wrapper.application; includeInIndex = 0; path = ARPictionary.app; sourceTree = BUILT_PRODUCTS_DIR; };
		C3521FB623815A4900D2D0FE /* AppDelegate.swift */ = {isa = PBXFileReference; lastKnownFileType = sourcecode.swift; path = AppDelegate.swift; sourceTree = "<group>"; };
		C3521FB823815A4900D2D0FE /* SceneDelegate.swift */ = {isa = PBXFileReference; lastKnownFileType = sourcecode.swift; path = SceneDelegate.swift; sourceTree = "<group>"; };
		C3521FBA23815A4900D2D0FE /* ViewController.swift */ = {isa = PBXFileReference; lastKnownFileType = sourcecode.swift; path = ViewController.swift; sourceTree = "<group>"; };
		C3521FBD23815A4900D2D0FE /* Base */ = {isa = PBXFileReference; lastKnownFileType = file.storyboard; name = Base; path = Base.lproj/Main.storyboard; sourceTree = "<group>"; };
		C3521FC023815A4900D2D0FE /* ARPictionary.xcdatamodel */ = {isa = PBXFileReference; lastKnownFileType = wrapper.xcdatamodel; path = ARPictionary.xcdatamodel; sourceTree = "<group>"; };
		C3521FC223815A4A00D2D0FE /* Assets.xcassets */ = {isa = PBXFileReference; lastKnownFileType = folder.assetcatalog; path = Assets.xcassets; sourceTree = "<group>"; };
		C3521FC523815A4A00D2D0FE /* Base */ = {isa = PBXFileReference; lastKnownFileType = file.storyboard; name = Base; path = Base.lproj/LaunchScreen.storyboard; sourceTree = "<group>"; };
		C3521FC723815A4A00D2D0FE /* Info.plist */ = {isa = PBXFileReference; lastKnownFileType = text.plist.xml; path = Info.plist; sourceTree = "<group>"; };
		C3521FCD23815A8600D2D0FE /* GameViewController.swift */ = {isa = PBXFileReference; lastKnownFileType = sourcecode.swift; path = GameViewController.swift; sourceTree = "<group>"; };
		C3521FCF23816C5B00D2D0FE /* Extension.swift */ = {isa = PBXFileReference; lastKnownFileType = sourcecode.swift; path = Extension.swift; sourceTree = "<group>"; };
		C3521FD12381A07C00D2D0FE /* Service.swift */ = {isa = PBXFileReference; lastKnownFileType = sourcecode.swift; path = Service.swift; sourceTree = "<group>"; };
/* End PBXFileReference section */

/* Begin PBXFrameworksBuildPhase section */
		C3521FB023815A4900D2D0FE /* Frameworks */ = {
			isa = PBXFrameworksBuildPhase;
			buildActionMask = 2147483647;
			files = (
			);
			runOnlyForDeploymentPostprocessing = 0;
		};
/* End PBXFrameworksBuildPhase section */

/* Begin PBXGroup section */
		C3521FAA23815A4900D2D0FE = {
			isa = PBXGroup;
			children = (
				C3521FB523815A4900D2D0FE /* ARPictionary */,
				C3521FB423815A4900D2D0FE /* Products */,
			);
			sourceTree = "<group>";
		};
		C3521FB423815A4900D2D0FE /* Products */ = {
			isa = PBXGroup;
			children = (
				C3521FB323815A4900D2D0FE /* ARPictionary.app */,
			);
			name = Products;
			sourceTree = "<group>";
		};
		C3521FB523815A4900D2D0FE /* ARPictionary */ = {
			isa = PBXGroup;
			children = (
				C3521FB623815A4900D2D0FE /* AppDelegate.swift */,
				C3521FB823815A4900D2D0FE /* SceneDelegate.swift */,
				C3521FBA23815A4900D2D0FE /* ViewController.swift */,
				C3521FBC23815A4900D2D0FE /* Main.storyboard */,
				C3521FC223815A4A00D2D0FE /* Assets.xcassets */,
				C3521FC423815A4A00D2D0FE /* LaunchScreen.storyboard */,
				C3521FC723815A4A00D2D0FE /* Info.plist */,
				C3521FBF23815A4900D2D0FE /* ARPictionary.xcdatamodeld */,
				C3521FCD23815A8600D2D0FE /* GameViewController.swift */,
				C3521FCF23816C5B00D2D0FE /* Extension.swift */,
				C3521FD12381A07C00D2D0FE /* Service.swift */,
			);
			path = ARPictionary;
			sourceTree = "<group>";
		};
/* End PBXGroup section */

/* Begin PBXNativeTarget section */
		C3521FB223815A4900D2D0FE /* ARPictionary */ = {
			isa = PBXNativeTarget;
			buildConfigurationList = C3521FCA23815A4A00D2D0FE /* Build configuration list for PBXNativeTarget "ARPictionary" */;
			buildPhases = (
				C3521FAF23815A4900D2D0FE /* Sources */,
				C3521FB023815A4900D2D0FE /* Frameworks */,
				C3521FB123815A4900D2D0FE /* Resources */,
			);
			buildRules = (
			);
			dependencies = (
			);
			name = ARPictionary;
			productName = ARPictionary;
			productReference = C3521FB323815A4900D2D0FE /* ARPictionary.app */;
			productType = "com.apple.product-type.application";
		};
/* End PBXNativeTarget section */

/* Begin PBXProject section */
		C3521FAB23815A4900D2D0FE /* Project object */ = {
			isa = PBXProject;
			attributes = {
				LastSwiftUpdateCheck = 1120;
				LastUpgradeCheck = 1120;
				ORGANIZATIONNAME = "Lennon Puype";
				TargetAttributes = {
					C3521FB223815A4900D2D0FE = {
						CreatedOnToolsVersion = 11.2.1;
					};
				};
			};
			buildConfigurationList = C3521FAE23815A4900D2D0FE /* Build configuration list for PBXProject "ARPictionary" */;
			compatibilityVersion = "Xcode 9.3";
			developmentRegion = en;
			hasScannedForEncodings = 0;
			knownRegions = (
				en,
				Base,
			);
			mainGroup = C3521FAA23815A4900D2D0FE;
			productRefGroup = C3521FB423815A4900D2D0FE /* Products */;
			projectDirPath = "";
			projectRoot = "";
			targets = (
				C3521FB223815A4900D2D0FE /* ARPictionary */,
			);
		};
/* End PBXProject section */

/* Begin PBXResourcesBuildPhase section */
		C3521FB123815A4900D2D0FE /* Resources */ = {
			isa = PBXResourcesBuildPhase;
			buildActionMask = 2147483647;
			files = (
				C3521FC623815A4A00D2D0FE /* LaunchScreen.storyboard in Resources */,
				C3521FC323815A4A00D2D0FE /* Assets.xcassets in Resources */,
				C3521FBE23815A4900D2D0FE /* Main.storyboard in Resources */,
			);
			runOnlyForDeploymentPostprocessing = 0;
		};
/* End PBXResourcesBuildPhase section */

/* Begin PBXSourcesBuildPhase section */
		C3521FAF23815A4900D2D0FE /* Sources */ = {
			isa = PBXSourcesBuildPhase;
			buildActionMask = 2147483647;
			files = (
				C3521FCE23815A8600D2D0FE /* GameViewController.swift in Sources */,
				C3521FD22381A07C00D2D0FE /* Service.swift in Sources */,
				C3521FBB23815A4900D2D0FE /* ViewController.swift in Sources */,
				C3521FB723815A4900D2D0FE /* AppDelegate.swift in Sources */,
				C3521FD023816C5B00D2D0FE /* Extension.swift in Sources */,
				C3521FC123815A4900D2D0FE /* ARPictionary.xcdatamodeld in Sources */,
				C3521FB923815A4900D2D0FE /* SceneDelegate.swift in Sources */,
			);
			runOnlyForDeploymentPostprocessing = 0;
		};
/* End PBXSourcesBuildPhase section */

/* Begin PBXVariantGroup section */
		C3521FBC23815A4900D2D0FE /* Main.storyboard */ = {
			isa = PBXVariantGroup;
			children = (
				C3521FBD23815A4900D2D0FE /* Base */,
			);
			name = Main.storyboard;
			sourceTree = "<group>";
		};
		C3521FC423815A4A00D2D0FE /* LaunchScreen.storyboard */ = {
			isa = PBXVariantGroup;
			children = (
				C3521FC523815A4A00D2D0FE /* Base */,
			);
			name = LaunchScreen.storyboard;
			sourceTree = "<group>";
		};
/* End PBXVariantGroup section */

/* Begin XCBuildConfiguration section */
		C3521FC823815A4A00D2D0FE /* Debug */ = {
			isa = XCBuildConfiguration;
			buildSettings = {
				ALWAYS_SEARCH_USER_PATHS = NO;
				CLANG_ANALYZER_NONNULL = YES;
				CLANG_ANALYZER_NUMBER_OBJECT_CONVERSION = YES_AGGRESSIVE;
				CLANG_CXX_LANGUAGE_STANDARD = "gnu++14";
				CLANG_CXX_LIBRARY = "libc++";
				CLANG_ENABLE_MODULES = YES;
				CLANG_ENABLE_OBJC_ARC = YES;
				CLANG_ENABLE_OBJC_WEAK = YES;
				CLANG_WARN_BLOCK_CAPTURE_AUTORELEASING = YES;
				CLANG_WARN_BOOL_CONVERSION = YES;
				CLANG_WARN_COMMA = YES;
				CLANG_WARN_CONSTANT_CONVERSION = YES;
				CLANG_WARN_DEPRECATED_OBJC_IMPLEMENTATIONS = YES;
				CLANG_WARN_DIRECT_OBJC_ISA_USAGE = YES_ERROR;
				CLANG_WARN_DOCUMENTATION_COMMENTS = YES;
				CLANG_WARN_EMPTY_BODY = YES;
				CLANG_WARN_ENUM_CONVERSION = YES;
				CLANG_WARN_INFINITE_RECURSION = YES;
				CLANG_WARN_INT_CONVERSION = YES;
				CLANG_WARN_NON_LITERAL_NULL_CONVERSION = YES;
				CLANG_WARN_OBJC_IMPLICIT_RETAIN_SELF = YES;
				CLANG_WARN_OBJC_LITERAL_CONVERSION = YES;
				CLANG_WARN_OBJC_ROOT_CLASS = YES_ERROR;
				CLANG_WARN_RANGE_LOOP_ANALYSIS = YES;
				CLANG_WARN_STRICT_PROTOTYPES = YES;
				CLANG_WARN_SUSPICIOUS_MOVE = YES;
				CLANG_WARN_UNGUARDED_AVAILABILITY = YES_AGGRESSIVE;
				CLANG_WARN_UNREACHABLE_CODE = YES;
				CLANG_WARN__DUPLICATE_METHOD_MATCH = YES;
				COPY_PHASE_STRIP = NO;
				DEBUG_INFORMATION_FORMAT = dwarf;
				ENABLE_STRICT_OBJC_MSGSEND = YES;
				ENABLE_TESTABILITY = YES;
				GCC_C_LANGUAGE_STANDARD = gnu11;
				GCC_DYNAMIC_NO_PIC = NO;
				GCC_NO_COMMON_BLOCKS = YES;
				GCC_OPTIMIZATION_LEVEL = 0;
				GCC_PREPROCESSOR_DEFINITIONS = (
					"DEBUG=1",
					"$(inherited)",
				);
				GCC_WARN_64_TO_32_BIT_CONVERSION = YES;
				GCC_WARN_ABOUT_RETURN_TYPE = YES_ERROR;
				GCC_WARN_UNDECLARED_SELECTOR = YES;
				GCC_WARN_UNINITIALIZED_AUTOS = YES_AGGRESSIVE;
				GCC_WARN_UNUSED_FUNCTION = YES;
				GCC_WARN_UNUSED_VARIABLE = YES;
				IPHONEOS_DEPLOYMENT_TARGET = 13.2;
				MTL_ENABLE_DEBUG_INFO = INCLUDE_SOURCE;
				MTL_FAST_MATH = YES;
				ONLY_ACTIVE_ARCH = YES;
				SDKROOT = iphoneos;
				SWIFT_ACTIVE_COMPILATION_CONDITIONS = DEBUG;
				SWIFT_OPTIMIZATION_LEVEL = "-Onone";
			};
			name = Debug;
		};
		C3521FC923815A4A00D2D0FE /* Release */ = {
			isa = XCBuildConfiguration;
			buildSettings = {
				ALWAYS_SEARCH_USER_PATHS = NO;
				CLANG_ANALYZER_NONNULL = YES;
				CLANG_ANALYZER_NUMBER_OBJECT_CONVERSION = YES_AGGRESSIVE;
				CLANG_CXX_LANGUAGE_STANDARD = "gnu++14";
				CLANG_CXX_LIBRARY = "libc++";
				CLANG_ENABLE_MODULES = YES;
				CLANG_ENABLE_OBJC_ARC = YES;
				CLANG_ENABLE_OBJC_WEAK = YES;
				CLANG_WARN_BLOCK_CAPTURE_AUTORELEASING = YES;
				CLANG_WARN_BOOL_CONVERSION = YES;
				CLANG_WARN_COMMA = YES;
				CLANG_WARN_CONSTANT_CONVERSION = YES;
				CLANG_WARN_DEPRECATED_OBJC_IMPLEMENTATIONS = YES;
				CLANG_WARN_DIRECT_OBJC_ISA_USAGE = YES_ERROR;
				CLANG_WARN_DOCUMENTATION_COMMENTS = YES;
				CLANG_WARN_EMPTY_BODY = YES;
				CLANG_WARN_ENUM_CONVERSION = YES;
				CLANG_WARN_INFINITE_RECURSION = YES;
				CLANG_WARN_INT_CONVERSION = YES;
				CLANG_WARN_NON_LITERAL_NULL_CONVERSION = YES;
				CLANG_WARN_OBJC_IMPLICIT_RETAIN_SELF = YES;
				CLANG_WARN_OBJC_LITERAL_CONVERSION = YES;
				CLANG_WARN_OBJC_ROOT_CLASS = YES_ERROR;
				CLANG_WARN_RANGE_LOOP_ANALYSIS = YES;
				CLANG_WARN_STRICT_PROTOTYPES = YES;
				CLANG_WARN_SUSPICIOUS_MOVE = YES;
				CLANG_WARN_UNGUARDED_AVAILABILITY = YES_AGGRESSIVE;
				CLANG_WARN_UNREACHABLE_CODE = YES;
				CLANG_WARN__DUPLICATE_METHOD_MATCH = YES;
				COPY_PHASE_STRIP = NO;
				DEBUG_INFORMATION_FORMAT = "dwarf-with-dsym";
				ENABLE_NS_ASSERTIONS = NO;
				ENABLE_STRICT_OBJC_MSGSEND = YES;
				GCC_C_LANGUAGE_STANDARD = gnu11;
				GCC_NO_COMMON_BLOCKS = YES;
				GCC_WARN_64_TO_32_BIT_CONVERSION = YES;
				GCC_WARN_ABOUT_RETURN_TYPE = YES_ERROR;
				GCC_WARN_UNDECLARED_SELECTOR = YES;
				GCC_WARN_UNINITIALIZED_AUTOS = YES_AGGRESSIVE;
				GCC_WARN_UNUSED_FUNCTION = YES;
				GCC_WARN_UNUSED_VARIABLE = YES;
				IPHONEOS_DEPLOYMENT_TARGET = 13.2;
				MTL_ENABLE_DEBUG_INFO = NO;
				MTL_FAST_MATH = YES;
				SDKROOT = iphoneos;
				SWIFT_COMPILATION_MODE = wholemodule;
				SWIFT_OPTIMIZATION_LEVEL = "-O";
				VALIDATE_PRODUCT = YES;
			};
			name = Release;
		};
		C3521FCB23815A4A00D2D0FE /* Debug */ = {
			isa = XCBuildConfiguration;
			buildSettings = {
				ASSETCATALOG_COMPILER_APPICON_NAME = AppIcon;
				CODE_SIGN_STYLE = Automatic;
				DEVELOPMENT_TEAM = 69HN3J9BK7;
				INFOPLIST_FILE = ARPictionary/Info.plist;
				LD_RUNPATH_SEARCH_PATHS = (
					"$(inherited)",
					"@executable_path/Frameworks",
				);
				PRODUCT_BUNDLE_IDENTIFIER = lennon.ARPictionary;
				PRODUCT_NAME = "$(TARGET_NAME)";
				SWIFT_VERSION = 5.0;
				TARGETED_DEVICE_FAMILY = 1;
			};
			name = Debug;
		};
		C3521FCC23815A4A00D2D0FE /* Release */ = {
			isa = XCBuildConfiguration;
			buildSettings = {
				ASSETCATALOG_COMPILER_APPICON_NAME = AppIcon;
				CODE_SIGN_STYLE = Automatic;
				DEVELOPMENT_TEAM = 69HN3J9BK7;
				INFOPLIST_FILE = ARPictionary/Info.plist;
				LD_RUNPATH_SEARCH_PATHS = (
					"$(inherited)",
					"@executable_path/Frameworks",
				);
				PRODUCT_BUNDLE_IDENTIFIER = lennon.ARPictionary;
				PRODUCT_NAME = "$(TARGET_NAME)";
				SWIFT_VERSION = 5.0;
				TARGETED_DEVICE_FAMILY = 1;
			};
			name = Release;
		};
/* End XCBuildConfiguration section */

/* Begin XCConfigurationList section */
		C3521FAE23815A4900D2D0FE /* Build configuration list for PBXProject "ARPictionary" */ = {
			isa = XCConfigurationList;
			buildConfigurations = (
				C3521FC823815A4A00D2D0FE /* Debug */,
				C3521FC923815A4A00D2D0FE /* Release */,
			);
			defaultConfigurationIsVisible = 0;
			defaultConfigurationName = Release;
		};
		C3521FCA23815A4A00D2D0FE /* Build configuration list for PBXNativeTarget "ARPictionary" */ = {
			isa = XCConfigurationList;
			buildConfigurations = (
				C3521FCB23815A4A00D2D0FE /* Debug */,
				C3521FCC23815A4A00D2D0FE /* Release */,
			);
			defaultConfigurationIsVisible = 0;
			defaultConfigurationName = Release;
		};
/* End XCConfigurationList section */

/* Begin XCVersionGroup section */
		C3521FBF23815A4900D2D0FE /* ARPictionary.xcdatamodeld */ = {
			isa = XCVersionGroup;
			children = (
				C3521FC023815A4900D2D0FE /* ARPictionary.xcdatamodel */,
			);
			currentVersion = C3521FC023815A4900D2D0FE /* ARPictionary.xcdatamodel */;
			path = ARPictionary.xcdatamodeld;
			sourceTree = "<group>";
			versionGroupType = wrapper.xcdatamodel;
		};
/* End XCVersionGroup section */
	};
	rootObject = C3521FAB23815A4900D2D0FE /* Project object */;
}
