# THIS IS AN AUTOGENERATED FILE. DO NOT EDIT THIS FILE DIRECTLY.
# yarn lockfile v1


expo-processing@^1.0.3:
  version "1.0.3"
  resolved "https://registry.yarnpkg.com/expo-processing/-/expo-processing-1.0.3.tgz#782f495e6f1cabed3bb3aad0f0a83a4b7ec456b1"
  integrity sha1-eC9JXm8cq+07s6rQ8Kg6S37EVrE=
