
Microsoft Visual Studio Solution File, Format Version 12.00
# Visual Studio for Mac
Project("{FAE04EC0-301F-11D3-BF4B-00C04F79EFBC}") = "PhotonBolt", "PhotonBolt.csproj", "{89CB8BB2-E7B9-0AC0-FA66-CEB62F2CF405}"
EndProject
Project("{FAE04EC0-301F-11D3-BF4B-00C04F79EFBC}") = "PhotonRealtime", "PhotonRealtime.csproj", "{48402101-E64B-1283-DE97-5F21E5CEF13C}"
EndProject
Project("{FAE04EC0-301F-11D3-BF4B-00C04F79EFBC}") = "Assembly-CSharp", "Assembly-CSharp.csproj", "{97BF7DDA-C0BC-730F-DE07-C3DC5D9DF190}"
EndProject
Project("{FAE04EC0-301F-11D3-BF4B-00C04F79EFBC}") = "PhotonWebSocket", "PhotonWebSocket.csproj", "{D2B81130-41A3-7AF9-35BA-226ED05E0287}"
EndProject
Project("{FAE04EC0-301F-11D3-BF4B-00C04F79EFBC}") = "PhotonBolt-Editor", "PhotonBolt-Editor.csproj", "{B1A44678-6CF0-F7B9-3C7E-2F5B248298BD}"
EndProject
Global
	GlobalSection(SolutionConfigurationPlatforms) = preSolution
		Debug|Any CPU = Debug|Any CPU
		Release|Any CPU = Release|Any CPU
	EndGlobalSection
	GlobalSection(ProjectConfigurationPlatforms) = postSolution
		{89CB8BB2-E7B9-0AC0-FA66-CEB62F2CF405}.Debug|Any CPU.ActiveCfg = Debug|Any CPU
		{89CB8BB2-E7B9-0AC0-FA66-CEB62F2CF405}.Debug|Any CPU.Build.0 = Debug|Any CPU
		{89CB8BB2-E7B9-0AC0-FA66-CEB62F2CF405}.Release|Any CPU.ActiveCfg = Release|Any CPU
		{89CB8BB2-E7B9-0AC0-FA66-CEB62F2CF405}.Release|Any CPU.Build.0 = Release|Any CPU
		{48402101-E64B-1283-DE97-5F21E5CEF13C}.Debug|Any CPU.ActiveCfg = Debug|Any CPU
		{48402101-E64B-1283-DE97-5F21E5CEF13C}.Debug|Any CPU.Build.0 = Debug|Any CPU
		{48402101-E64B-1283-DE97-5F21E5CEF13C}.Release|Any CPU.ActiveCfg = Release|Any CPU
		{48402101-E64B-1283-DE97-5F21E5CEF13C}.Release|Any CPU.Build.0 = Release|Any CPU
		{97BF7DDA-C0BC-730F-DE07-C3DC5D9DF190}.Debug|Any CPU.ActiveCfg = Debug|Any CPU
		{97BF7DDA-C0BC-730F-DE07-C3DC5D9DF190}.Debug|Any CPU.Build.0 = Debug|Any CPU
		{97BF7DDA-C0BC-730F-DE07-C3DC5D9DF190}.Release|Any CPU.ActiveCfg = Release|Any CPU
		{97BF7DDA-C0BC-730F-DE07-C3DC5D9DF190}.Release|Any CPU.Build.0 = Release|Any CPU
		{D2B81130-41A3-7AF9-35BA-226ED05E0287}.Debug|Any CPU.ActiveCfg = Debug|Any CPU
		{D2B81130-41A3-7AF9-35BA-226ED05E0287}.Debug|Any CPU.Build.0 = Debug|Any CPU
		{D2B81130-41A3-7AF9-35BA-226ED05E0287}.Release|Any CPU.ActiveCfg = Release|Any CPU
		{D2B81130-41A3-7AF9-35BA-226ED05E0287}.Release|Any CPU.Build.0 = Release|Any CPU
		{B1A44678-6CF0-F7B9-3C7E-2F5B248298BD}.Debug|Any CPU.ActiveCfg = Debug|Any CPU
		{B1A44678-6CF0-F7B9-3C7E-2F5B248298BD}.Debug|Any CPU.Build.0 = Debug|Any CPU
		{B1A44678-6CF0-F7B9-3C7E-2F5B248298BD}.Release|Any CPU.ActiveCfg = Release|Any CPU
		{B1A44678-6CF0-F7B9-3C7E-2F5B248298BD}.Release|Any CPU.Build.0 = Release|Any CPU
	EndGlobalSection
	GlobalSection(SolutionProperties) = preSolution
		HideSolutionNode = FALSE
	EndGlobalSection
EndGlobal
