
Microsoft Visual Studio Solution File, Format Version 12.00
# Visual Studio 15
Project("{FAE04EC0-301F-11D3-BF4B-00C04F79EFBC}") = "TestProject", "TestProject\TestProject.csproj", "{A2D0F8F2-8207-43CD-8ABC-31B78F773124}"
EndProject
Global
	GlobalSection(SolutionConfigurationPlatforms) = preSolution
		Debug|anycpu = Debug|anycpu
		Release|anycpu = Release|anycpu
	EndGlobalSection
	GlobalSection(ProjectConfigurationPlatforms) = postSolution
		{A2D0F8F2-8207-43CD-8ABC-31B78F773124}.Debug|anycpu.ActiveCfg = Debug|anycpu
		{A2D0F8F2-8207-43CD-8ABC-31B78F773124}.Debug|anycpu.Build.0 = Debug|anycpu
		{A2D0F8F2-8207-43CD-8ABC-31B78F773124}.Release|anycpu.ActiveCfg = Release|anycpu
		{A2D0F8F2-8207-43CD-8ABC-31B78F773124}.Release|anycpu.Build.0 = Release|anycpu
	EndGlobalSection
EndGlobal
